{
  "originHash" : "0c2953ed3523e66f5fdb3d00cc69a27d704806b11fca15f5a95a03277c23786d",
  "pins" : [
    {
      "identity" : "fluidaudio",
      "kind" : "remoteSourceControl",
      "location" : "https://github.com/FluidInference/FluidAudio.git",
      "state" : {
        "revision" : "57551cd90e0bbec342766244358bcf08afb05290",
        "version" : "0.13.6"
      }
    },
    {
      "identity" : "swift-concurrency-extras",
      "kind" : "remoteSourceControl",
      "location" : "https://github.com/pointfreeco/swift-concurrency-extras.git",
      "state" : {
        "revision" : "5a3825302b1a0d744183200915a47b508c828e6f",
        "version" : "1.3.2"
      }
    }
  ],
  "version" : 3
}
